
Microsoft Visual Studio Solution File, Format Version 12.00
# Visual Studio 15
VisualStudioVersion = 15.0.27130.2010
MinimumVisualStudioVersion = 10.0.40219.1
Project("{FAE04EC0-301F-11D3-BF4B-00C04F79EFBC}") = "Api", "Api\Api.csproj", "{DA644338-2786-4393-8336-97141A36A75D}"
EndProject
Project("{FAE04EC0-301F-11D3-BF4B-00C04F79EFBC}") = "UnitTestProject", "UnitTestProject\UnitTestProject.csproj", "{55653F33-8A67-43ED-BCAC-1FFE1EA02741}"
EndProject
Global
	GlobalSection(SolutionConfigurationPlatforms) = preSolution
		Debug|Any CPU = Debug|Any CPU
		Release|Any CPU = Release|Any CPU
	EndGlobalSection
	GlobalSection(ProjectConfigurationPlatforms) = postSolution
		{DA644338-2786-4393-8336-97141A36A75D}.Debug|Any CPU.ActiveCfg = Debug|Any CPU
		{DA644338-2786-4393-8336-97141A36A75D}.Debug|Any CPU.Build.0 = Debug|Any CPU
		{DA644338-2786-4393-8336-97141A36A75D}.Release|Any CPU.ActiveCfg = Release|Any CPU
		{DA644338-2786-4393-8336-97141A36A75D}.Release|Any CPU.Build.0 = Release|Any CPU
		{55653F33-8A67-43ED-BCAC-1FFE1EA02741}.Debug|Any CPU.ActiveCfg = Debug|Any CPU
		{55653F33-8A67-43ED-BCAC-1FFE1EA02741}.Debug|Any CPU.Build.0 = Debug|Any CPU
		{55653F33-8A67-43ED-BCAC-1FFE1EA02741}.Release|Any CPU.ActiveCfg = Release|Any CPU
		{55653F33-8A67-43ED-BCAC-1FFE1EA02741}.Release|Any CPU.Build.0 = Release|Any CPU
	EndGlobalSection
	GlobalSection(SolutionProperties) = preSolution
		HideSolutionNode = FALSE
	EndGlobalSection
	GlobalSection(ExtensibilityGlobals) = postSolution
		SolutionGuid = {7D25BCDA-B9C0-45B3-B025-351E121036F4}
	EndGlobalSection
EndGlobal
